// !$*UTF8*$!
{
	archiveVersion = 1;
	classes = {
	};
	objectVersion = 46;
	objects = {

/* Begin PBXBuildFile section */
		169D24011BFCC315007C150D /* main.m in Sources */ = {isa = PBXBuildFile; fileRef = 169D24001BFCC315007C150D /* main.m */; };
		169D24041BFCC315007C150D /* AppDelegate.m in Sources */ = {isa = PBXBuildFile; fileRef = 169D24031BFCC315007C150D /* AppDelegate.m */; };
		169D24071BFCC315007C150D /* ViewController.m in Sources */ = {isa = PBXBuildFile; fileRef = 169D24061BFCC315007C150D /* ViewController.m */; };
		169D240A1BFCC315007C150D /* Main.storyboard in Resources */ = {isa = PBXBuildFile; fileRef = 169D24081BFCC315007C150D /* Main.storyboard */; };
		169D240D1BFCC315007C150D /* WeatherForcast.xcdatamodeld in Sources */ = {isa = PBXBuildFile; fileRef = 169D240B1BFCC315007C150D /* WeatherForcast.xcdatamodeld */; };
		169D240F1BFCC315007C150D /* Assets.xcassets in Resources */ = {isa = PBXBuildFile; fileRef = 169D240E1BFCC315007C150D /* Assets.xcassets */; };
		169D24121BFCC315007C150D /* LaunchScreen.storyboard in Resources */ = {isa = PBXBuildFile; fileRef = 169D24101BFCC315007C150D /* LaunchScreen.storyboard */; };
		169D241D1BFCC315007C150D /* WeatherForcastTests.m in Sources */ = {isa = PBXBuildFile; fileRef = 169D241C1BFCC315007C150D /* WeatherForcastTests.m */; };
		169D24291BFCC37B007C150D /* TableViewController.m in Sources */ = {isa = PBXBuildFile; fileRef = 169D24281BFCC37B007C150D /* TableViewController.m */; };
		169D242D1BFCC7BF007C150D /* GDNetworkController.m in Sources */ = {isa = PBXBuildFile; fileRef = 169D242C1BFCC7BF007C150D /* GDNetworkController.m */; };
/* End PBXBuildFile section */

/* Begin PBXContainerItemProxy section */
		169D24191BFCC315007C150D /* PBXContainerItemProxy */ = {
			isa = PBXContainerItemProxy;
			containerPortal = 169D23F41BFCC315007C150D /* Project object */;
			proxyType = 1;
			remoteGlobalIDString = 169D23FB1BFCC315007C150D;
			remoteInfo = WeatherForcast;
		};
/* End PBXContainerItemProxy section */

/* Begin PBXFileReference section */
		169D23FC1BFCC315007C150D /* WeatherForcast.app */ = {isa = PBXFileReference; explicitFileType = wrapper.application; includeInIndex = 0; path = WeatherForcast.app; sourceTree = BUILT_PRODUCTS_DIR; };
		169D24001BFCC315007C150D /* main.m */ = {isa = PBXFileReference; lastKnownFileType = sourcecode.c.objc; path = main.m; sourceTree = "<group>"; };
		169D24021BFCC315007C150D /* AppDelegate.h */ = {isa = PBXFileReference; lastKnownFileType = sourcecode.c.h; path = AppDelegate.h; sourceTree = "<group>"; };
		169D24031BFCC315007C150D /* AppDelegate.m */ = {isa = PBXFileReference; lastKnownFileType = sourcecode.c.objc; path = AppDelegate.m; sourceTree = "<group>"; };
		169D24051BFCC315007C150D /* ViewController.h */ = {isa = PBXFileReference; lastKnownFileType = sourcecode.c.h; path = ViewController.h; sourceTree = "<group>"; };
		169D24061BFCC315007C150D /* ViewController.m */ = {isa = PBXFileReference; lastKnownFileType = sourcecode.c.objc; path = ViewController.m; sourceTree = "<group>"; };
		169D24091BFCC315007C150D /* Base */ = {isa = PBXFileReference; lastKnownFileType = file.storyboard; name = Base; path = Base.lproj/Main.storyboard; sourceTree = "<group>"; };
		169D240C1BFCC315007C150D /* WeatherForcast.xcdatamodel */ = {isa = PBXFileReference; lastKnownFileType = wrapper.xcdatamodel; path = WeatherForcast.xcdatamodel; sourceTree = "<group>"; };
		169D240E1BFCC315007C150D /* Assets.xcassets */ = {isa = PBXFileReference; lastKnownFileType = folder.assetcatalog; path = Assets.xcassets; sourceTree = "<group>"; };
		169D24111BFCC315007C150D /* Base */ = {isa = PBXFileReference; lastKnownFileType = file.storyboard; name = Base; path = Base.lproj/LaunchScreen.storyboard; sourceTree = "<group>"; };
		169D24131BFCC315007C150D /* Info.plist */ = {isa = PBXFileReference; lastKnownFileType = text.plist.xml; path = Info.plist; sourceTree = "<group>"; };
		169D24181BFCC315007C150D /* WeatherForcastTests.xctest */ = {isa = PBXFileReference; explicitFileType = wrapper.cfbundle; includeInIndex = 0; path = WeatherForcastTests.xctest; sourceTree = BUILT_PRODUCTS_DIR; };
		169D241C1BFCC315007C150D /* WeatherForcastTests.m */ = {isa = PBXFileReference; lastKnownFileType = sourcecode.c.objc; path = WeatherForcastTests.m; sourceTree = "<group>"; };
		169D241E1BFCC315007C150D /* Info.plist */ = {isa = PBXFileReference; lastKnownFileType = text.plist.xml; path = Info.plist; sourceTree = "<group>"; };
		169D24271BFCC37B007C150D /* TableViewController.h */ = {isa = PBXFileReference; fileEncoding = 4; lastKnownFileType = sourcecode.c.h; path = TableViewController.h; sourceTree = "<group>"; };
		169D24281BFCC37B007C150D /* TableViewController.m */ = {isa = PBXFileReference; fileEncoding = 4; lastKnownFileType = sourcecode.c.objc; path = TableViewController.m; sourceTree = "<group>"; };
		169D242B1BFCC7BF007C150D /* GDNetworkController.h */ = {isa = PBXFileReference; fileEncoding = 4; lastKnownFileType = sourcecode.c.h; path = GDNetworkController.h; sourceTree = "<group>"; };
		169D242C1BFCC7BF007C150D /* GDNetworkController.m */ = {isa = PBXFileReference; fileEncoding = 4; lastKnownFileType = sourcecode.c.objc; path = GDNetworkController.m; sourceTree = "<group>"; };
/* End PBXFileReference section */

/* Begin PBXFrameworksBuildPhase section */
		169D23F91BFCC315007C150D /* Frameworks */ = {
			isa = PBXFrameworksBuildPhase;
			buildActionMask = 2147483647;
			files = (
			);
			runOnlyForDeploymentPostprocessing = 0;
		};
		169D24151BFCC315007C150D /* Frameworks */ = {
			isa = PBXFrameworksBuildPhase;
			buildActionMask = 2147483647;
			files = (
			);
			runOnlyForDeploymentPostprocessing = 0;
		};
/* End PBXFrameworksBuildPhase section */

/* Begin PBXGroup section */
		169D23F31BFCC315007C150D = {
			isa = PBXGroup;
			children = (
				169D23FE1BFCC315007C150D /* WeatherForcast */,
				169D241B1BFCC315007C150D /* WeatherForcastTests */,
				169D23FD1BFCC315007C150D /* Products */,
			);
			sourceTree = "<group>";
		};
		169D23FD1BFCC315007C150D /* Products */ = {
			isa = PBXGroup;
			children = (
				169D23FC1BFCC315007C150D /* WeatherForcast.app */,
				169D24181BFCC315007C150D /* WeatherForcastTests.xctest */,
			);
			name = Products;
			sourceTree = "<group>";
		};
		169D23FE1BFCC315007C150D /* WeatherForcast */ = {
			isa = PBXGroup;
			children = (
				169D24021BFCC315007C150D /* AppDelegate.h */,
				169D24031BFCC315007C150D /* AppDelegate.m */,
				169D24051BFCC315007C150D /* ViewController.h */,
				169D24061BFCC315007C150D /* ViewController.m */,
				169D24271BFCC37B007C150D /* TableViewController.h */,
				169D24281BFCC37B007C150D /* TableViewController.m */,
				169D242B1BFCC7BF007C150D /* GDNetworkController.h */,
				169D242C1BFCC7BF007C150D /* GDNetworkController.m */,
				169D24081BFCC315007C150D /* Main.storyboard */,
				169D240E1BFCC315007C150D /* Assets.xcassets */,
				169D24101BFCC315007C150D /* LaunchScreen.storyboard */,
				169D24131BFCC315007C150D /* Info.plist */,
				169D240B1BFCC315007C150D /* WeatherForcast.xcdatamodeld */,
				169D23FF1BFCC315007C150D /* Supporting Files */,
			);
			path = WeatherForcast;
			sourceTree = "<group>";
		};
		169D23FF1BFCC315007C150D /* Supporting Files */ = {
			isa = PBXGroup;
			children = (
				169D24001BFCC315007C150D /* main.m */,
			);
			name = "Supporting Files";
			sourceTree = "<group>";
		};
		169D241B1BFCC315007C150D /* WeatherForcastTests */ = {
			isa = PBXGroup;
			children = (
				169D241C1BFCC315007C150D /* WeatherForcastTests.m */,
				169D241E1BFCC315007C150D /* Info.plist */,
			);
			path = WeatherForcastTests;
			sourceTree = "<group>";
		};
/* End PBXGroup section */

/* Begin PBXNativeTarget section */
		169D23FB1BFCC315007C150D /* WeatherForcast */ = {
			isa = PBXNativeTarget;
			buildConfigurationList = 169D24211BFCC315007C150D /* Build configuration list for PBXNativeTarget "WeatherForcast" */;
			buildPhases = (
				169D23F81BFCC315007C150D /* Sources */,
				169D23F91BFCC315007C150D /* Frameworks */,
				169D23FA1BFCC315007C150D /* Resources */,
			);
			buildRules = (
			);
			dependencies = (
			);
			name = WeatherForcast;
			productName = WeatherForcast;
			productReference = 169D23FC1BFCC315007C150D /* WeatherForcast.app */;
			productType = "com.apple.product-type.application";
		};
		169D24171BFCC315007C150D /* WeatherForcastTests */ = {
			isa = PBXNativeTarget;
			buildConfigurationList = 169D24241BFCC315007C150D /* Build configuration list for PBXNativeTarget "WeatherForcastTests" */;
			buildPhases = (
				169D24141BFCC315007C150D /* Sources */,
				169D24151BFCC315007C150D /* Frameworks */,
				169D24161BFCC315007C150D /* Resources */,
			);
			buildRules = (
			);
			dependencies = (
				169D241A1BFCC315007C150D /* PBXTargetDependency */,
			);
			name = WeatherForcastTests;
			productName = WeatherForcastTests;
			productReference = 169D24181BFCC315007C150D /* WeatherForcastTests.xctest */;
			productType = "com.apple.product-type.bundle.unit-test";
		};
/* End PBXNativeTarget section */

/* Begin PBXProject section */
		169D23F41BFCC315007C150D /* Project object */ = {
			isa = PBXProject;
			attributes = {
				LastUpgradeCheck = 0710;
				ORGANIZATIONNAME = KeepSolid;
				TargetAttributes = {
					169D23FB1BFCC315007C150D = {
						CreatedOnToolsVersion = 7.1.1;
					};
					169D24171BFCC315007C150D = {
						CreatedOnToolsVersion = 7.1.1;
						TestTargetID = 169D23FB1BFCC315007C150D;
					};
				};
			};
			buildConfigurationList = 169D23F71BFCC315007C150D /* Build configuration list for PBXProject "WeatherForcast" */;
			compatibilityVersion = "Xcode 3.2";
			developmentRegion = English;
			hasScannedForEncodings = 0;
			knownRegions = (
				en,
				Base,
			);
			mainGroup = 169D23F31BFCC315007C150D;
			productRefGroup = 169D23FD1BFCC315007C150D /* Products */;
			projectDirPath = "";
			projectRoot = "";
			targets = (
				169D23FB1BFCC315007C150D /* WeatherForcast */,
				169D24171BFCC315007C150D /* WeatherForcastTests */,
			);
		};
/* End PBXProject section */

/* Begin PBXResourcesBuildPhase section */
		169D23FA1BFCC315007C150D /* Resources */ = {
			isa = PBXResourcesBuildPhase;
			buildActionMask = 2147483647;
			files = (
				169D24121BFCC315007C150D /* LaunchScreen.storyboard in Resources */,
				169D240F1BFCC315007C150D /* Assets.xcassets in Resources */,
				169D240A1BFCC315007C150D /* Main.storyboard in Resources */,
			);
			runOnlyForDeploymentPostprocessing = 0;
		};
		169D24161BFCC315007C150D /* Resources */ = {
			isa = PBXResourcesBuildPhase;
			buildActionMask = 2147483647;
			files = (
			);
			runOnlyForDeploymentPostprocessing = 0;
		};
/* End PBXResourcesBuildPhase section */

/* Begin PBXSourcesBuildPhase section */
		169D23F81BFCC315007C150D /* Sources */ = {
			isa = PBXSourcesBuildPhase;
			buildActionMask = 2147483647;
			files = (
				169D24071BFCC315007C150D /* ViewController.m in Sources */,
				169D240D1BFCC315007C150D /* WeatherForcast.xcdatamodeld in Sources */,
				169D24041BFCC315007C150D /* AppDelegate.m in Sources */,
				169D24291BFCC37B007C150D /* TableViewController.m in Sources */,
				169D24011BFCC315007C150D /* main.m in Sources */,
				169D242D1BFCC7BF007C150D /* GDNetworkController.m in Sources */,
			);
			runOnlyForDeploymentPostprocessing = 0;
		};
		169D24141BFCC315007C150D /* Sources */ = {
			isa = PBXSourcesBuildPhase;
			buildActionMask = 2147483647;
			files = (
				169D241D1BFCC315007C150D /* WeatherForcastTests.m in Sources */,
			);
			runOnlyForDeploymentPostprocessing = 0;
		};
/* End PBXSourcesBuildPhase section */

/* Begin PBXTargetDependency section */
		169D241A1BFCC315007C150D /* PBXTargetDependency */ = {
			isa = PBXTargetDependency;
			target = 169D23FB1BFCC315007C150D /* WeatherForcast */;
			targetProxy = 169D24191BFCC315007C150D /* PBXContainerItemProxy */;
		};
/* End PBXTargetDependency section */

/* Begin PBXVariantGroup section */
		169D24081BFCC315007C150D /* Main.storyboard */ = {
			isa = PBXVariantGroup;
			children = (
				169D24091BFCC315007C150D /* Base */,
			);
			name = Main.storyboard;
			sourceTree = "<group>";
		};
		169D24101BFCC315007C150D /* LaunchScreen.storyboard */ = {
			isa = PBXVariantGroup;
			children = (
				169D24111BFCC315007C150D /* Base */,
			);
			name = LaunchScreen.storyboard;
			sourceTree = "<group>";
		};
/* End PBXVariantGroup section */

/* Begin XCBuildConfiguration section */
		169D241F1BFCC315007C150D /* Debug */ = {
			isa = XCBuildConfiguration;
			buildSettings = {
				ALWAYS_SEARCH_USER_PATHS = NO;
				CLANG_CXX_LANGUAGE_STANDARD = "gnu++0x";
				CLANG_CXX_LIBRARY = "libc++";
				CLANG_ENABLE_MODULES = YES;
				CLANG_ENABLE_OBJC_ARC = YES;
				CLANG_WARN_BOOL_CONVERSION = YES;
				CLANG_WARN_CONSTANT_CONVERSION = YES;
				CLANG_WARN_DIRECT_OBJC_ISA_USAGE = YES_ERROR;
				CLANG_WARN_EMPTY_BODY = YES;
				CLANG_WARN_ENUM_CONVERSION = YES;
				CLANG_WARN_INT_CONVERSION = YES;
				CLANG_WARN_OBJC_ROOT_CLASS = YES_ERROR;
				CLANG_WARN_UNREACHABLE_CODE = YES;
				CLANG_WARN__DUPLICATE_METHOD_MATCH = YES;
				"CODE_SIGN_IDENTITY[sdk=iphoneos*]" = "iPhone Developer";
				COPY_PHASE_STRIP = NO;
				DEBUG_INFORMATION_FORMAT = dwarf;
				ENABLE_STRICT_OBJC_MSGSEND = YES;
				ENABLE_TESTABILITY = YES;
				GCC_C_LANGUAGE_STANDARD = gnu99;
				GCC_DYNAMIC_NO_PIC = NO;
				GCC_NO_COMMON_BLOCKS = YES;
				GCC_OPTIMIZATION_LEVEL = 0;
				GCC_PREPROCESSOR_DEFINITIONS = (
					"DEBUG=1",
					"$(inherited)",
				);
				GCC_WARN_64_TO_32_BIT_CONVERSION = YES;
				GCC_WARN_ABOUT_RETURN_TYPE = YES_ERROR;
				GCC_WARN_UNDECLARED_SELECTOR = YES;
				GCC_WARN_UNINITIALIZED_AUTOS = YES_AGGRESSIVE;
				GCC_WARN_UNUSED_FUNCTION = YES;
				GCC_WARN_UNUSED_VARIABLE = YES;
				IPHONEOS_DEPLOYMENT_TARGET = 9.1;
				MTL_ENABLE_DEBUG_INFO = YES;
				ONLY_ACTIVE_ARCH = YES;
				SDKROOT = iphoneos;
				TARGETED_DEVICE_FAMILY = "1,2";
			};
			name = Debug;
		};
		169D24201BFCC315007C150D /* Release */ = {
			isa = XCBuildConfiguration;
			buildSettings = {
				ALWAYS_SEARCH_USER_PATHS = NO;
				CLANG_CXX_LANGUAGE_STANDARD = "gnu++0x";
				CLANG_CXX_LIBRARY = "libc++";
				CLANG_ENABLE_MODULES = YES;
				CLANG_ENABLE_OBJC_ARC = YES;
				CLANG_WARN_BOOL_CONVERSION = YES;
				CLANG_WARN_CONSTANT_CONVERSION = YES;
				CLANG_WARN_DIRECT_OBJC_ISA_USAGE = YES_ERROR;
				CLANG_WARN_EMPTY_BODY = YES;
				CLANG_WARN_ENUM_CONVERSION = YES;
				CLANG_WARN_INT_CONVERSION = YES;
				CLANG_WARN_OBJC_ROOT_CLASS = YES_ERROR;
				CLANG_WARN_UNREACHABLE_CODE = YES;
				CLANG_WARN__DUPLICATE_METHOD_MATCH = YES;
				"CODE_SIGN_IDENTITY[sdk=iphoneos*]" = "iPhone Developer";
				COPY_PHASE_STRIP = NO;
				DEBUG_INFORMATION_FORMAT = "dwarf-with-dsym";
				ENABLE_NS_ASSERTIONS = NO;
				ENABLE_STRICT_OBJC_MSGSEND = YES;
				GCC_C_LANGUAGE_STANDARD = gnu99;
				GCC_NO_COMMON_BLOCKS = YES;
				GCC_WARN_64_TO_32_BIT_CONVERSION = YES;
				GCC_WARN_ABOUT_RETURN_TYPE = YES_ERROR;
				GCC_WARN_UNDECLARED_SELECTOR = YES;
				GCC_WARN_UNINITIALIZED_AUTOS = YES_AGGRESSIVE;
				GCC_WARN_UNUSED_FUNCTION = YES;
				GCC_WARN_UNUSED_VARIABLE = YES;
				IPHONEOS_DEPLOYMENT_TARGET = 9.1;
				MTL_ENABLE_DEBUG_INFO = NO;
				SDKROOT = iphoneos;
				TARGETED_DEVICE_FAMILY = "1,2";
				VALIDATE_PRODUCT = YES;
			};
			name = Release;
		};
		169D24221BFCC315007C150D /* Debug */ = {
			isa = XCBuildConfiguration;
			buildSettings = {
				ASSETCATALOG_COMPILER_APPICON_NAME = AppIcon;
				INFOPLIST_FILE = WeatherForcast/Info.plist;
				LD_RUNPATH_SEARCH_PATHS = "$(inherited) @executable_path/Frameworks";
				PRODUCT_BUNDLE_IDENTIFIER = com.simplexsolutionsinc.WeatherForcast;
				PRODUCT_NAME = "$(TARGET_NAME)";
			};
			name = Debug;
		};
		169D24231BFCC315007C150D /* Release */ = {
			isa = XCBuildConfiguration;
			buildSettings = {
				ASSETCATALOG_COMPILER_APPICON_NAME = AppIcon;
				INFOPLIST_FILE = WeatherForcast/Info.plist;
				LD_RUNPATH_SEARCH_PATHS = "$(inherited) @executable_path/Frameworks";
				PRODUCT_BUNDLE_IDENTIFIER = com.simplexsolutionsinc.WeatherForcast;
				PRODUCT_NAME = "$(TARGET_NAME)";
			};
			name = Release;
		};
		169D24251BFCC315007C150D /* Debug */ = {
			isa = XCBuildConfiguration;
			buildSettings = {
				BUNDLE_LOADER = "$(TEST_HOST)";
				INFOPLIST_FILE = WeatherForcastTests/Info.plist;
				LD_RUNPATH_SEARCH_PATHS = "$(inherited) @executable_path/Frameworks @loader_path/Frameworks";
				PRODUCT_BUNDLE_IDENTIFIER = com.simplexsolutionsinc.WeatherForcastTests;
				PRODUCT_NAME = "$(TARGET_NAME)";
				TEST_HOST = "$(BUILT_PRODUCTS_DIR)/WeatherForcast.app/WeatherForcast";
			};
			name = Debug;
		};
		169D24261BFCC315007C150D /* Release */ = {
			isa = XCBuildConfiguration;
			buildSettings = {
				BUNDLE_LOADER = "$(TEST_HOST)";
				INFOPLIST_FILE = WeatherForcastTests/Info.plist;
				LD_RUNPATH_SEARCH_PATHS = "$(inherited) @executable_path/Frameworks @loader_path/Frameworks";
				PRODUCT_BUNDLE_IDENTIFIER = com.simplexsolutionsinc.WeatherForcastTests;
				PRODUCT_NAME = "$(TARGET_NAME)";
				TEST_HOST = "$(BUILT_PRODUCTS_DIR)/WeatherForcast.app/WeatherForcast";
			};
			name = Release;
		};
/* End XCBuildConfiguration section */

/* Begin XCConfigurationList section */
		169D23F71BFCC315007C150D /* Build configuration list for PBXProject "WeatherForcast" */ = {
			isa = XCConfigurationList;
			buildConfigurations = (
				169D241F1BFCC315007C150D /* Debug */,
				169D24201BFCC315007C150D /* Release */,
			);
			defaultConfigurationIsVisible = 0;
			defaultConfigurationName = Release;
		};
		169D24211BFCC315007C150D /* Build configuration list for PBXNativeTarget "WeatherForcast" */ = {
			isa = XCConfigurationList;
			buildConfigurations = (
				169D24221BFCC315007C150D /* Debug */,
				169D24231BFCC315007C150D /* Release */,
			);
			defaultConfigurationIsVisible = 0;
		};
		169D24241BFCC315007C150D /* Build configuration list for PBXNativeTarget "WeatherForcastTests" */ = {
			isa = XCConfigurationList;
			buildConfigurations = (
				169D24251BFCC315007C150D /* Debug */,
				169D24261BFCC315007C150D /* Release */,
			);
			defaultConfigurationIsVisible = 0;
		};
/* End XCConfigurationList section */

/* Begin XCVersionGroup section */
		169D240B1BFCC315007C150D /* WeatherForcast.xcdatamodeld */ = {
			isa = XCVersionGroup;
			children = (
				169D240C1BFCC315007C150D /* WeatherForcast.xcdatamodel */,
			);
			currentVersion = 169D240C1BFCC315007C150D /* WeatherForcast.xcdatamodel */;
			path = WeatherForcast.xcdatamodeld;
			sourceTree = "<group>";
			versionGroupType = wrapper.xcdatamodel;
		};
/* End XCVersionGroup section */
	};
	rootObject = 169D23F41BFCC315007C150D /* Project object */;
}
