// !$*UTF8*$!
{
	archiveVersion = 1;
	classes = {
	};
	objectVersion = 46;
	objects = {

/* Begin PBXBuildFile section */
		16E79A081BCE93870008B7D8 /* main.m in Sources */ = {isa = PBXBuildFile; fileRef = 16E79A071BCE93870008B7D8 /* main.m */; };
		16E79A0B1BCE93870008B7D8 /* AppDelegate.m in Sources */ = {isa = PBXBuildFile; fileRef = 16E79A0A1BCE93870008B7D8 /* AppDelegate.m */; };
		16E79A0E1BCE93870008B7D8 /* ViewController.m in Sources */ = {isa = PBXBuildFile; fileRef = 16E79A0D1BCE93870008B7D8 /* ViewController.m */; };
		16E79A111BCE93870008B7D8 /* Main.storyboard in Resources */ = {isa = PBXBuildFile; fileRef = 16E79A0F1BCE93870008B7D8 /* Main.storyboard */; };
		16E79A141BCE93870008B7D8 /* Test2015_01.xcdatamodeld in Sources */ = {isa = PBXBuildFile; fileRef = 16E79A121BCE93870008B7D8 /* Test2015_01.xcdatamodeld */; };
		16E79A161BCE93870008B7D8 /* Assets.xcassets in Resources */ = {isa = PBXBuildFile; fileRef = 16E79A151BCE93870008B7D8 /* Assets.xcassets */; };
		16E79A191BCE93870008B7D8 /* LaunchScreen.storyboard in Resources */ = {isa = PBXBuildFile; fileRef = 16E79A171BCE93870008B7D8 /* LaunchScreen.storyboard */; };
		16E79A241BCE93870008B7D8 /* Test2015_01Tests.m in Sources */ = {isa = PBXBuildFile; fileRef = 16E79A231BCE93870008B7D8 /* Test2015_01Tests.m */; };
		16E79A2F1BCE93870008B7D8 /* Test2015_01UITests.m in Sources */ = {isa = PBXBuildFile; fileRef = 16E79A2E1BCE93870008B7D8 /* Test2015_01UITests.m */; };
		16E79A3E1BCE97550008B7D8 /* ViewControllerChild.m in Sources */ = {isa = PBXBuildFile; fileRef = 16E79A3D1BCE97550008B7D8 /* ViewControllerChild.m */; settings = {ASSET_TAGS = (); }; };
/* End PBXBuildFile section */

/* Begin PBXContainerItemProxy section */
		16E79A201BCE93870008B7D8 /* PBXContainerItemProxy */ = {
			isa = PBXContainerItemProxy;
			containerPortal = 16E799FB1BCE93870008B7D8 /* Project object */;
			proxyType = 1;
			remoteGlobalIDString = 16E79A021BCE93870008B7D8;
			remoteInfo = Test2015_01;
		};
		16E79A2B1BCE93870008B7D8 /* PBXContainerItemProxy */ = {
			isa = PBXContainerItemProxy;
			containerPortal = 16E799FB1BCE93870008B7D8 /* Project object */;
			proxyType = 1;
			remoteGlobalIDString = 16E79A021BCE93870008B7D8;
			remoteInfo = Test2015_01;
		};
/* End PBXContainerItemProxy section */

/* Begin PBXFileReference section */
		16E79A031BCE93870008B7D8 /* Test2015_01.app */ = {isa = PBXFileReference; explicitFileType = wrapper.application; includeInIndex = 0; path = Test2015_01.app; sourceTree = BUILT_PRODUCTS_DIR; };
		16E79A071BCE93870008B7D8 /* main.m */ = {isa = PBXFileReference; lastKnownFileType = sourcecode.c.objc; path = main.m; sourceTree = "<group>"; };
		16E79A091BCE93870008B7D8 /* AppDelegate.h */ = {isa = PBXFileReference; lastKnownFileType = sourcecode.c.h; path = AppDelegate.h; sourceTree = "<group>"; };
		16E79A0A1BCE93870008B7D8 /* AppDelegate.m */ = {isa = PBXFileReference; lastKnownFileType = sourcecode.c.objc; path = AppDelegate.m; sourceTree = "<group>"; };
		16E79A0C1BCE93870008B7D8 /* ViewController.h */ = {isa = PBXFileReference; lastKnownFileType = sourcecode.c.h; path = ViewController.h; sourceTree = "<group>"; };
		16E79A0D1BCE93870008B7D8 /* ViewController.m */ = {isa = PBXFileReference; lastKnownFileType = sourcecode.c.objc; path = ViewController.m; sourceTree = "<group>"; };
		16E79A101BCE93870008B7D8 /* Base */ = {isa = PBXFileReference; lastKnownFileType = file.storyboard; name = Base; path = Base.lproj/Main.storyboard; sourceTree = "<group>"; };
		16E79A131BCE93870008B7D8 /* Test2015_01.xcdatamodel */ = {isa = PBXFileReference; lastKnownFileType = wrapper.xcdatamodel; path = Test2015_01.xcdatamodel; sourceTree = "<group>"; };
		16E79A151BCE93870008B7D8 /* Assets.xcassets */ = {isa = PBXFileReference; lastKnownFileType = folder.assetcatalog; path = Assets.xcassets; sourceTree = "<group>"; };
		16E79A181BCE93870008B7D8 /* Base */ = {isa = PBXFileReference; lastKnownFileType = file.storyboard; name = Base; path = Base.lproj/LaunchScreen.storyboard; sourceTree = "<group>"; };
		16E79A1A1BCE93870008B7D8 /* Info.plist */ = {isa = PBXFileReference; lastKnownFileType = text.plist.xml; path = Info.plist; sourceTree = "<group>"; };
		16E79A1F1BCE93870008B7D8 /* Test2015_01Tests.xctest */ = {isa = PBXFileReference; explicitFileType = wrapper.cfbundle; includeInIndex = 0; path = Test2015_01Tests.xctest; sourceTree = BUILT_PRODUCTS_DIR; };
		16E79A231BCE93870008B7D8 /* Test2015_01Tests.m */ = {isa = PBXFileReference; lastKnownFileType = sourcecode.c.objc; path = Test2015_01Tests.m; sourceTree = "<group>"; };
		16E79A251BCE93870008B7D8 /* Info.plist */ = {isa = PBXFileReference; lastKnownFileType = text.plist.xml; path = Info.plist; sourceTree = "<group>"; };
		16E79A2A1BCE93870008B7D8 /* Test2015_01UITests.xctest */ = {isa = PBXFileReference; explicitFileType = wrapper.cfbundle; includeInIndex = 0; path = Test2015_01UITests.xctest; sourceTree = BUILT_PRODUCTS_DIR; };
		16E79A2E1BCE93870008B7D8 /* Test2015_01UITests.m */ = {isa = PBXFileReference; lastKnownFileType = sourcecode.c.objc; path = Test2015_01UITests.m; sourceTree = "<group>"; };
		16E79A301BCE93870008B7D8 /* Info.plist */ = {isa = PBXFileReference; lastKnownFileType = text.plist.xml; path = Info.plist; sourceTree = "<group>"; };
		16E79A3C1BCE97550008B7D8 /* ViewControllerChild.h */ = {isa = PBXFileReference; fileEncoding = 4; lastKnownFileType = sourcecode.c.h; path = ViewControllerChild.h; sourceTree = "<group>"; };
		16E79A3D1BCE97550008B7D8 /* ViewControllerChild.m */ = {isa = PBXFileReference; fileEncoding = 4; lastKnownFileType = sourcecode.c.objc; path = ViewControllerChild.m; sourceTree = "<group>"; };
/* End PBXFileReference section */

/* Begin PBXFrameworksBuildPhase section */
		16E79A001BCE93870008B7D8 /* Frameworks */ = {
			isa = PBXFrameworksBuildPhase;
			buildActionMask = 2147483647;
			files = (
			);
			runOnlyForDeploymentPostprocessing = 0;
		};
		16E79A1C1BCE93870008B7D8 /* Frameworks */ = {
			isa = PBXFrameworksBuildPhase;
			buildActionMask = 2147483647;
			files = (
			);
			runOnlyForDeploymentPostprocessing = 0;
		};
		16E79A271BCE93870008B7D8 /* Frameworks */ = {
			isa = PBXFrameworksBuildPhase;
			buildActionMask = 2147483647;
			files = (
			);
			runOnlyForDeploymentPostprocessing = 0;
		};
/* End PBXFrameworksBuildPhase section */

/* Begin PBXGroup section */
		16E799FA1BCE93870008B7D8 = {
			isa = PBXGroup;
			children = (
				16E79A051BCE93870008B7D8 /* Test2015_01 */,
				16E79A221BCE93870008B7D8 /* Test2015_01Tests */,
				16E79A2D1BCE93870008B7D8 /* Test2015_01UITests */,
				16E79A041BCE93870008B7D8 /* Products */,
			);
			sourceTree = "<group>";
		};
		16E79A041BCE93870008B7D8 /* Products */ = {
			isa = PBXGroup;
			children = (
				16E79A031BCE93870008B7D8 /* Test2015_01.app */,
				16E79A1F1BCE93870008B7D8 /* Test2015_01Tests.xctest */,
				16E79A2A1BCE93870008B7D8 /* Test2015_01UITests.xctest */,
			);
			name = Products;
			sourceTree = "<group>";
		};
		16E79A051BCE93870008B7D8 /* Test2015_01 */ = {
			isa = PBXGroup;
			children = (
				16E79A091BCE93870008B7D8 /* AppDelegate.h */,
				16E79A0A1BCE93870008B7D8 /* AppDelegate.m */,
				16E79A0C1BCE93870008B7D8 /* ViewController.h */,
				16E79A0D1BCE93870008B7D8 /* ViewController.m */,
				16E79A3C1BCE97550008B7D8 /* ViewControllerChild.h */,
				16E79A3D1BCE97550008B7D8 /* ViewControllerChild.m */,
				16E79A0F1BCE93870008B7D8 /* Main.storyboard */,
				16E79A151BCE93870008B7D8 /* Assets.xcassets */,
				16E79A171BCE93870008B7D8 /* LaunchScreen.storyboard */,
				16E79A1A1BCE93870008B7D8 /* Info.plist */,
				16E79A121BCE93870008B7D8 /* Test2015_01.xcdatamodeld */,
				16E79A061BCE93870008B7D8 /* Supporting Files */,
			);
			path = Test2015_01;
			sourceTree = "<group>";
		};
		16E79A061BCE93870008B7D8 /* Supporting Files */ = {
			isa = PBXGroup;
			children = (
				16E79A071BCE93870008B7D8 /* main.m */,
			);
			name = "Supporting Files";
			sourceTree = "<group>";
		};
		16E79A221BCE93870008B7D8 /* Test2015_01Tests */ = {
			isa = PBXGroup;
			children = (
				16E79A231BCE93870008B7D8 /* Test2015_01Tests.m */,
				16E79A251BCE93870008B7D8 /* Info.plist */,
			);
			path = Test2015_01Tests;
			sourceTree = "<group>";
		};
		16E79A2D1BCE93870008B7D8 /* Test2015_01UITests */ = {
			isa = PBXGroup;
			children = (
				16E79A2E1BCE93870008B7D8 /* Test2015_01UITests.m */,
				16E79A301BCE93870008B7D8 /* Info.plist */,
			);
			path = Test2015_01UITests;
			sourceTree = "<group>";
		};
/* End PBXGroup section */

/* Begin PBXNativeTarget section */
		16E79A021BCE93870008B7D8 /* Test2015_01 */ = {
			isa = PBXNativeTarget;
			buildConfigurationList = 16E79A331BCE93870008B7D8 /* Build configuration list for PBXNativeTarget "Test2015_01" */;
			buildPhases = (
				16E799FF1BCE93870008B7D8 /* Sources */,
				16E79A001BCE93870008B7D8 /* Frameworks */,
				16E79A011BCE93870008B7D8 /* Resources */,
			);
			buildRules = (
			);
			dependencies = (
			);
			name = Test2015_01;
			productName = Test2015_01;
			productReference = 16E79A031BCE93870008B7D8 /* Test2015_01.app */;
			productType = "com.apple.product-type.application";
		};
		16E79A1E1BCE93870008B7D8 /* Test2015_01Tests */ = {
			isa = PBXNativeTarget;
			buildConfigurationList = 16E79A361BCE93870008B7D8 /* Build configuration list for PBXNativeTarget "Test2015_01Tests" */;
			buildPhases = (
				16E79A1B1BCE93870008B7D8 /* Sources */,
				16E79A1C1BCE93870008B7D8 /* Frameworks */,
				16E79A1D1BCE93870008B7D8 /* Resources */,
			);
			buildRules = (
			);
			dependencies = (
				16E79A211BCE93870008B7D8 /* PBXTargetDependency */,
			);
			name = Test2015_01Tests;
			productName = Test2015_01Tests;
			productReference = 16E79A1F1BCE93870008B7D8 /* Test2015_01Tests.xctest */;
			productType = "com.apple.product-type.bundle.unit-test";
		};
		16E79A291BCE93870008B7D8 /* Test2015_01UITests */ = {
			isa = PBXNativeTarget;
			buildConfigurationList = 16E79A391BCE93870008B7D8 /* Build configuration list for PBXNativeTarget "Test2015_01UITests" */;
			buildPhases = (
				16E79A261BCE93870008B7D8 /* Sources */,
				16E79A271BCE93870008B7D8 /* Frameworks */,
				16E79A281BCE93870008B7D8 /* Resources */,
			);
			buildRules = (
			);
			dependencies = (
				16E79A2C1BCE93870008B7D8 /* PBXTargetDependency */,
			);
			name = Test2015_01UITests;
			productName = Test2015_01UITests;
			productReference = 16E79A2A1BCE93870008B7D8 /* Test2015_01UITests.xctest */;
			productType = "com.apple.product-type.bundle.ui-testing";
		};
/* End PBXNativeTarget section */

/* Begin PBXProject section */
		16E799FB1BCE93870008B7D8 /* Project object */ = {
			isa = PBXProject;
			attributes = {
				LastUpgradeCheck = 0700;
				ORGANIZATIONNAME = KeepSolid;
				TargetAttributes = {
					16E79A021BCE93870008B7D8 = {
						CreatedOnToolsVersion = 7.0.1;
					};
					16E79A1E1BCE93870008B7D8 = {
						CreatedOnToolsVersion = 7.0.1;
						TestTargetID = 16E79A021BCE93870008B7D8;
					};
					16E79A291BCE93870008B7D8 = {
						CreatedOnToolsVersion = 7.0.1;
						TestTargetID = 16E79A021BCE93870008B7D8;
					};
				};
			};
			buildConfigurationList = 16E799FE1BCE93870008B7D8 /* Build configuration list for PBXProject "Test2015_01" */;
			compatibilityVersion = "Xcode 3.2";
			developmentRegion = English;
			hasScannedForEncodings = 0;
			knownRegions = (
				en,
				Base,
			);
			mainGroup = 16E799FA1BCE93870008B7D8;
			productRefGroup = 16E79A041BCE93870008B7D8 /* Products */;
			projectDirPath = "";
			projectRoot = "";
			targets = (
				16E79A021BCE93870008B7D8 /* Test2015_01 */,
				16E79A1E1BCE93870008B7D8 /* Test2015_01Tests */,
				16E79A291BCE93870008B7D8 /* Test2015_01UITests */,
			);
		};
/* End PBXProject section */

/* Begin PBXResourcesBuildPhase section */
		16E79A011BCE93870008B7D8 /* Resources */ = {
			isa = PBXResourcesBuildPhase;
			buildActionMask = 2147483647;
			files = (
				16E79A191BCE93870008B7D8 /* LaunchScreen.storyboard in Resources */,
				16E79A161BCE93870008B7D8 /* Assets.xcassets in Resources */,
				16E79A111BCE93870008B7D8 /* Main.storyboard in Resources */,
			);
			runOnlyForDeploymentPostprocessing = 0;
		};
		16E79A1D1BCE93870008B7D8 /* Resources */ = {
			isa = PBXResourcesBuildPhase;
			buildActionMask = 2147483647;
			files = (
			);
			runOnlyForDeploymentPostprocessing = 0;
		};
		16E79A281BCE93870008B7D8 /* Resources */ = {
			isa = PBXResourcesBuildPhase;
			buildActionMask = 2147483647;
			files = (
			);
			runOnlyForDeploymentPostprocessing = 0;
		};
/* End PBXResourcesBuildPhase section */

/* Begin PBXSourcesBuildPhase section */
		16E799FF1BCE93870008B7D8 /* Sources */ = {
			isa = PBXSourcesBuildPhase;
			buildActionMask = 2147483647;
			files = (
				16E79A141BCE93870008B7D8 /* Test2015_01.xcdatamodeld in Sources */,
				16E79A3E1BCE97550008B7D8 /* ViewControllerChild.m in Sources */,
				16E79A0E1BCE93870008B7D8 /* ViewController.m in Sources */,
				16E79A0B1BCE93870008B7D8 /* AppDelegate.m in Sources */,
				16E79A081BCE93870008B7D8 /* main.m in Sources */,
			);
			runOnlyForDeploymentPostprocessing = 0;
		};
		16E79A1B1BCE93870008B7D8 /* Sources */ = {
			isa = PBXSourcesBuildPhase;
			buildActionMask = 2147483647;
			files = (
				16E79A241BCE93870008B7D8 /* Test2015_01Tests.m in Sources */,
			);
			runOnlyForDeploymentPostprocessing = 0;
		};
		16E79A261BCE93870008B7D8 /* Sources */ = {
			isa = PBXSourcesBuildPhase;
			buildActionMask = 2147483647;
			files = (
				16E79A2F1BCE93870008B7D8 /* Test2015_01UITests.m in Sources */,
			);
			runOnlyForDeploymentPostprocessing = 0;
		};
/* End PBXSourcesBuildPhase section */

/* Begin PBXTargetDependency section */
		16E79A211BCE93870008B7D8 /* PBXTargetDependency */ = {
			isa = PBXTargetDependency;
			target = 16E79A021BCE93870008B7D8 /* Test2015_01 */;
			targetProxy = 16E79A201BCE93870008B7D8 /* PBXContainerItemProxy */;
		};
		16E79A2C1BCE93870008B7D8 /* PBXTargetDependency */ = {
			isa = PBXTargetDependency;
			target = 16E79A021BCE93870008B7D8 /* Test2015_01 */;
			targetProxy = 16E79A2B1BCE93870008B7D8 /* PBXContainerItemProxy */;
		};
/* End PBXTargetDependency section */

/* Begin PBXVariantGroup section */
		16E79A0F1BCE93870008B7D8 /* Main.storyboard */ = {
			isa = PBXVariantGroup;
			children = (
				16E79A101BCE93870008B7D8 /* Base */,
			);
			name = Main.storyboard;
			sourceTree = "<group>";
		};
		16E79A171BCE93870008B7D8 /* LaunchScreen.storyboard */ = {
			isa = PBXVariantGroup;
			children = (
				16E79A181BCE93870008B7D8 /* Base */,
			);
			name = LaunchScreen.storyboard;
			sourceTree = "<group>";
		};
/* End PBXVariantGroup section */

/* Begin XCBuildConfiguration section */
		16E79A311BCE93870008B7D8 /* Debug */ = {
			isa = XCBuildConfiguration;
			buildSettings = {
				ALWAYS_SEARCH_USER_PATHS = NO;
				CLANG_CXX_LANGUAGE_STANDARD = "gnu++0x";
				CLANG_CXX_LIBRARY = "libc++";
				CLANG_ENABLE_MODULES = YES;
				CLANG_ENABLE_OBJC_ARC = YES;
				CLANG_WARN_BOOL_CONVERSION = YES;
				CLANG_WARN_CONSTANT_CONVERSION = YES;
				CLANG_WARN_DIRECT_OBJC_ISA_USAGE = YES_ERROR;
				CLANG_WARN_EMPTY_BODY = YES;
				CLANG_WARN_ENUM_CONVERSION = YES;
				CLANG_WARN_INT_CONVERSION = YES;
				CLANG_WARN_OBJC_ROOT_CLASS = YES_ERROR;
				CLANG_WARN_UNREACHABLE_CODE = YES;
				CLANG_WARN__DUPLICATE_METHOD_MATCH = YES;
				"CODE_SIGN_IDENTITY[sdk=iphoneos*]" = "iPhone Developer";
				COPY_PHASE_STRIP = NO;
				DEBUG_INFORMATION_FORMAT = dwarf;
				ENABLE_STRICT_OBJC_MSGSEND = YES;
				ENABLE_TESTABILITY = YES;
				GCC_C_LANGUAGE_STANDARD = gnu99;
				GCC_DYNAMIC_NO_PIC = NO;
				GCC_NO_COMMON_BLOCKS = YES;
				GCC_OPTIMIZATION_LEVEL = 0;
				GCC_PREPROCESSOR_DEFINITIONS = (
					"DEBUG=1",
					"$(inherited)",
				);
				GCC_WARN_64_TO_32_BIT_CONVERSION = YES;
				GCC_WARN_ABOUT_RETURN_TYPE = YES_ERROR;
				GCC_WARN_UNDECLARED_SELECTOR = YES;
				GCC_WARN_UNINITIALIZED_AUTOS = YES_AGGRESSIVE;
				GCC_WARN_UNUSED_FUNCTION = YES;
				GCC_WARN_UNUSED_VARIABLE = YES;
				IPHONEOS_DEPLOYMENT_TARGET = 8.0;
				MTL_ENABLE_DEBUG_INFO = YES;
				ONLY_ACTIVE_ARCH = YES;
				SDKROOT = iphoneos;
				TARGETED_DEVICE_FAMILY = "1,2";
			};
			name = Debug;
		};
		16E79A321BCE93870008B7D8 /* Release */ = {
			isa = XCBuildConfiguration;
			buildSettings = {
				ALWAYS_SEARCH_USER_PATHS = NO;
				CLANG_CXX_LANGUAGE_STANDARD = "gnu++0x";
				CLANG_CXX_LIBRARY = "libc++";
				CLANG_ENABLE_MODULES = YES;
				CLANG_ENABLE_OBJC_ARC = YES;
				CLANG_WARN_BOOL_CONVERSION = YES;
				CLANG_WARN_CONSTANT_CONVERSION = YES;
				CLANG_WARN_DIRECT_OBJC_ISA_USAGE = YES_ERROR;
				CLANG_WARN_EMPTY_BODY = YES;
				CLANG_WARN_ENUM_CONVERSION = YES;
				CLANG_WARN_INT_CONVERSION = YES;
				CLANG_WARN_OBJC_ROOT_CLASS = YES_ERROR;
				CLANG_WARN_UNREACHABLE_CODE = YES;
				CLANG_WARN__DUPLICATE_METHOD_MATCH = YES;
				"CODE_SIGN_IDENTITY[sdk=iphoneos*]" = "iPhone Developer";
				COPY_PHASE_STRIP = NO;
				DEBUG_INFORMATION_FORMAT = "dwarf-with-dsym";
				ENABLE_NS_ASSERTIONS = NO;
				ENABLE_STRICT_OBJC_MSGSEND = YES;
				GCC_C_LANGUAGE_STANDARD = gnu99;
				GCC_NO_COMMON_BLOCKS = YES;
				GCC_WARN_64_TO_32_BIT_CONVERSION = YES;
				GCC_WARN_ABOUT_RETURN_TYPE = YES_ERROR;
				GCC_WARN_UNDECLARED_SELECTOR = YES;
				GCC_WARN_UNINITIALIZED_AUTOS = YES_AGGRESSIVE;
				GCC_WARN_UNUSED_FUNCTION = YES;
				GCC_WARN_UNUSED_VARIABLE = YES;
				IPHONEOS_DEPLOYMENT_TARGET = 8.0;
				MTL_ENABLE_DEBUG_INFO = NO;
				SDKROOT = iphoneos;
				TARGETED_DEVICE_FAMILY = "1,2";
				VALIDATE_PRODUCT = YES;
			};
			name = Release;
		};
		16E79A341BCE93870008B7D8 /* Debug */ = {
			isa = XCBuildConfiguration;
			buildSettings = {
				ASSETCATALOG_COMPILER_APPICON_NAME = AppIcon;
				INFOPLIST_FILE = Test2015_01/Info.plist;
				LD_RUNPATH_SEARCH_PATHS = "$(inherited) @executable_path/Frameworks";
				PRODUCT_BUNDLE_IDENTIFIER = "com.simplexsolutionsinc.Test2015-01";
				PRODUCT_NAME = "$(TARGET_NAME)";
			};
			name = Debug;
		};
		16E79A351BCE93870008B7D8 /* Release */ = {
			isa = XCBuildConfiguration;
			buildSettings = {
				ASSETCATALOG_COMPILER_APPICON_NAME = AppIcon;
				INFOPLIST_FILE = Test2015_01/Info.plist;
				LD_RUNPATH_SEARCH_PATHS = "$(inherited) @executable_path/Frameworks";
				PRODUCT_BUNDLE_IDENTIFIER = "com.simplexsolutionsinc.Test2015-01";
				PRODUCT_NAME = "$(TARGET_NAME)";
			};
			name = Release;
		};
		16E79A371BCE93870008B7D8 /* Debug */ = {
			isa = XCBuildConfiguration;
			buildSettings = {
				BUNDLE_LOADER = "$(TEST_HOST)";
				INFOPLIST_FILE = Test2015_01Tests/Info.plist;
				LD_RUNPATH_SEARCH_PATHS = "$(inherited) @executable_path/Frameworks @loader_path/Frameworks";
				PRODUCT_BUNDLE_IDENTIFIER = "com.simplexsolutionsinc.Test2015-01Tests";
				PRODUCT_NAME = "$(TARGET_NAME)";
				TEST_HOST = "$(BUILT_PRODUCTS_DIR)/Test2015_01.app/Test2015_01";
			};
			name = Debug;
		};
		16E79A381BCE93870008B7D8 /* Release */ = {
			isa = XCBuildConfiguration;
			buildSettings = {
				BUNDLE_LOADER = "$(TEST_HOST)";
				INFOPLIST_FILE = Test2015_01Tests/Info.plist;
				LD_RUNPATH_SEARCH_PATHS = "$(inherited) @executable_path/Frameworks @loader_path/Frameworks";
				PRODUCT_BUNDLE_IDENTIFIER = "com.simplexsolutionsinc.Test2015-01Tests";
				PRODUCT_NAME = "$(TARGET_NAME)";
				TEST_HOST = "$(BUILT_PRODUCTS_DIR)/Test2015_01.app/Test2015_01";
			};
			name = Release;
		};
		16E79A3A1BCE93870008B7D8 /* Debug */ = {
			isa = XCBuildConfiguration;
			buildSettings = {
				INFOPLIST_FILE = Test2015_01UITests/Info.plist;
				LD_RUNPATH_SEARCH_PATHS = "$(inherited) @executable_path/Frameworks @loader_path/Frameworks";
				PRODUCT_BUNDLE_IDENTIFIER = "com.simplexsolutionsinc.Test2015-01UITests";
				PRODUCT_NAME = "$(TARGET_NAME)";
				TEST_TARGET_NAME = Test2015_01;
				USES_XCTRUNNER = YES;
			};
			name = Debug;
		};
		16E79A3B1BCE93870008B7D8 /* Release */ = {
			isa = XCBuildConfiguration;
			buildSettings = {
				INFOPLIST_FILE = Test2015_01UITests/Info.plist;
				LD_RUNPATH_SEARCH_PATHS = "$(inherited) @executable_path/Frameworks @loader_path/Frameworks";
				PRODUCT_BUNDLE_IDENTIFIER = "com.simplexsolutionsinc.Test2015-01UITests";
				PRODUCT_NAME = "$(TARGET_NAME)";
				TEST_TARGET_NAME = Test2015_01;
				USES_XCTRUNNER = YES;
			};
			name = Release;
		};
/* End XCBuildConfiguration section */

/* Begin XCConfigurationList section */
		16E799FE1BCE93870008B7D8 /* Build configuration list for PBXProject "Test2015_01" */ = {
			isa = XCConfigurationList;
			buildConfigurations = (
				16E79A311BCE93870008B7D8 /* Debug */,
				16E79A321BCE93870008B7D8 /* Release */,
			);
			defaultConfigurationIsVisible = 0;
			defaultConfigurationName = Release;
		};
		16E79A331BCE93870008B7D8 /* Build configuration list for PBXNativeTarget "Test2015_01" */ = {
			isa = XCConfigurationList;
			buildConfigurations = (
				16E79A341BCE93870008B7D8 /* Debug */,
				16E79A351BCE93870008B7D8 /* Release */,
			);
			defaultConfigurationIsVisible = 0;
		};
		16E79A361BCE93870008B7D8 /* Build configuration list for PBXNativeTarget "Test2015_01Tests" */ = {
			isa = XCConfigurationList;
			buildConfigurations = (
				16E79A371BCE93870008B7D8 /* Debug */,
				16E79A381BCE93870008B7D8 /* Release */,
			);
			defaultConfigurationIsVisible = 0;
		};
		16E79A391BCE93870008B7D8 /* Build configuration list for PBXNativeTarget "Test2015_01UITests" */ = {
			isa = XCConfigurationList;
			buildConfigurations = (
				16E79A3A1BCE93870008B7D8 /* Debug */,
				16E79A3B1BCE93870008B7D8 /* Release */,
			);
			defaultConfigurationIsVisible = 0;
		};
/* End XCConfigurationList section */

/* Begin XCVersionGroup section */
		16E79A121BCE93870008B7D8 /* Test2015_01.xcdatamodeld */ = {
			isa = XCVersionGroup;
			children = (
				16E79A131BCE93870008B7D8 /* Test2015_01.xcdatamodel */,
			);
			currentVersion = 16E79A131BCE93870008B7D8 /* Test2015_01.xcdatamodel */;
			path = Test2015_01.xcdatamodeld;
			sourceTree = "<group>";
			versionGroupType = wrapper.xcdatamodel;
		};
/* End XCVersionGroup section */
	};
	rootObject = 16E799FB1BCE93870008B7D8 /* Project object */;
}
